// !$*UTF8*$!
{
	archiveVersion = 1;
	classes = {
	};
	objectVersion = 77;
	objects = {

/* Begin PBXBuildFile section */
		8F80D1312F5E10D0001B5E38 /* EventLogView.swift in Sources */ = {isa = PBXBuildFile; fileRef = 8F80D1302F5E10D0001B5E38 /* EventLogView.swift */; };
		8F80D1332F5E1128001B5E38 /* EventLog.swift in Sources */ = {isa = PBXBuildFile; fileRef = 8F80D1322F5E1128001B5E38 /* EventLog.swift */; };
		8F80D13C2F5E12CA001B5E38 /* CalculatorEvent.swift in Sources */ = {isa = PBXBuildFile; fileRef = 8F80D13B2F5E12CA001B5E38 /* CalculatorEvent.swift */; };
		8F80D13E2F5E12E1001B5E38 /* ControlPanelEvent.swift in Sources */ = {isa = PBXBuildFile; fileRef = 8F80D13D2F5E12E1001B5E38 /* ControlPanelEvent.swift */; };
		8F80D1402F5E12FF001B5E38 /* NotepadEvent.swift in Sources */ = {isa = PBXBuildFile; fileRef = 8F80D13F2F5E12FF001B5E38 /* NotepadEvent.swift */; };
		8F80D1422F5E1327001B5E38 /* CalculatorAccessoryState.swift in Sources */ = {isa = PBXBuildFile; fileRef = 8F80D1412F5E1327001B5E38 /* CalculatorAccessoryState.swift */; };
		8F80D1442F5E1348001B5E38 /* ControlPanelAccessoryState.swift in Sources */ = {isa = PBXBuildFile; fileRef = 8F80D1432F5E1348001B5E38 /* ControlPanelAccessoryState.swift */; };
		8F80D1462F5E137D001B5E38 /* NotepadAccessoryState.swift in Sources */ = {isa = PBXBuildFile; fileRef = 8F80D1452F5E137D001B5E38 /* NotepadAccessoryState.swift */; };
		8F80D1482F5E13A9001B5E38 /* RunCalculator.swift in Sources */ = {isa = PBXBuildFile; fileRef = 8F80D1472F5E13A9001B5E38 /* RunCalculator.swift */; };
		8F80D14A2F5E13F8001B5E38 /* RunControlPanel.swift in Sources */ = {isa = PBXBuildFile; fileRef = 8F80D1492F5E13F8001B5E38 /* RunControlPanel.swift */; };
		8F80D14C2F5E1434001B5E38 /* RunNotepad.swift in Sources */ = {isa = PBXBuildFile; fileRef = 8F80D14B2F5E1434001B5E38 /* RunNotepad.swift */; };
		8F80D14E2F5E145E001B5E38 /* CalculatorAccessoryView.swift in Sources */ = {isa = PBXBuildFile; fileRef = 8F80D14D2F5E145E001B5E38 /* CalculatorAccessoryView.swift */; };
		8F80D1502F5E1490001B5E38 /* ControlPanelAccessoryView.swift in Sources */ = {isa = PBXBuildFile; fileRef = 8F80D14F2F5E1490001B5E38 /* ControlPanelAccessoryView.swift */; };
		8F80D1522F5E14C4001B5E38 /* NotepadAccessoryView.swift in Sources */ = {isa = PBXBuildFile; fileRef = 8F80D1512F5E14C4001B5E38 /* NotepadAccessoryView.swift */; };
/* End PBXBuildFile section */

/* Begin PBXContainerItemProxy section */
		8F80D1092F5E0989001B5E38 /* PBXContainerItemProxy */ = {
			isa = PBXContainerItemProxy;
			containerPortal = 8F80D0F32F5E0987001B5E38 /* Project object */;
			proxyType = 1;
			remoteGlobalIDString = 8F80D0FA2F5E0987001B5E38;
			remoteInfo = A5World;
		};
		8F80D1132F5E0989001B5E38 /* PBXContainerItemProxy */ = {
			isa = PBXContainerItemProxy;
			containerPortal = 8F80D0F32F5E0987001B5E38 /* Project object */;
			proxyType = 1;
			remoteGlobalIDString = 8F80D0FA2F5E0987001B5E38;
			remoteInfo = A5World;
		};
/* End PBXContainerItemProxy section */

/* Begin PBXFileReference section */
		8F80D0FB2F5E0987001B5E38 /* A5World.app */ = {isa = PBXFileReference; explicitFileType = wrapper.application; includeInIndex = 0; path = A5World.app; sourceTree = BUILT_PRODUCTS_DIR; };
		8F80D1082F5E0989001B5E38 /* A5WorldTests.xctest */ = {isa = PBXFileReference; explicitFileType = wrapper.cfbundle; includeInIndex = 0; path = A5WorldTests.xctest; sourceTree = BUILT_PRODUCTS_DIR; };
		8F80D1122F5E0989001B5E38 /* A5WorldUITests.xctest */ = {isa = PBXFileReference; explicitFileType = wrapper.cfbundle; includeInIndex = 0; path = A5WorldUITests.xctest; sourceTree = BUILT_PRODUCTS_DIR; };
		8F80D1302F5E10D0001B5E38 /* EventLogView.swift */ = {isa = PBXFileReference; lastKnownFileType = sourcecode.swift; path = EventLogView.swift; sourceTree = "<group>"; };
		8F80D1322F5E1128001B5E38 /* EventLog.swift */ = {isa = PBXFileReference; lastKnownFileType = sourcecode.swift; path = EventLog.swift; sourceTree = "<group>"; };
		8F80D13B2F5E12CA001B5E38 /* CalculatorEvent.swift */ = {isa = PBXFileReference; lastKnownFileType = sourcecode.swift; path = CalculatorEvent.swift; sourceTree = "<group>"; };
		8F80D13D2F5E12E1001B5E38 /* ControlPanelEvent.swift */ = {isa = PBXFileReference; lastKnownFileType = sourcecode.swift; path = ControlPanelEvent.swift; sourceTree = "<group>"; };
		8F80D13F2F5E12FF001B5E38 /* NotepadEvent.swift */ = {isa = PBXFileReference; lastKnownFileType = sourcecode.swift; path = NotepadEvent.swift; sourceTree = "<group>"; };
		8F80D1412F5E1327001B5E38 /* CalculatorAccessoryState.swift */ = {isa = PBXFileReference; lastKnownFileType = sourcecode.swift; path = CalculatorAccessoryState.swift; sourceTree = "<group>"; };
		8F80D1432F5E1348001B5E38 /* ControlPanelAccessoryState.swift */ = {isa = PBXFileReference; lastKnownFileType = sourcecode.swift; path = ControlPanelAccessoryState.swift; sourceTree = "<group>"; };
		8F80D1452F5E137D001B5E38 /* NotepadAccessoryState.swift */ = {isa = PBXFileReference; lastKnownFileType = sourcecode.swift; path = NotepadAccessoryState.swift; sourceTree = "<group>"; };
		8F80D1472F5E13A9001B5E38 /* RunCalculator.swift */ = {isa = PBXFileReference; lastKnownFileType = sourcecode.swift; path = RunCalculator.swift; sourceTree = "<group>"; };
		8F80D1492F5E13F8001B5E38 /* RunControlPanel.swift */ = {isa = PBXFileReference; lastKnownFileType = sourcecode.swift; path = RunControlPanel.swift; sourceTree = "<group>"; };
		8F80D14B2F5E1434001B5E38 /* RunNotepad.swift */ = {isa = PBXFileReference; lastKnownFileType = sourcecode.swift; path = RunNotepad.swift; sourceTree = "<group>"; };
		8F80D14D2F5E145E001B5E38 /* CalculatorAccessoryView.swift */ = {isa = PBXFileReference; lastKnownFileType = sourcecode.swift; path = CalculatorAccessoryView.swift; sourceTree = "<group>"; };
		8F80D14F2F5E1490001B5E38 /* ControlPanelAccessoryView.swift */ = {isa = PBXFileReference; lastKnownFileType = sourcecode.swift; path = ControlPanelAccessoryView.swift; sourceTree = "<group>"; };
		8F80D1512F5E14C4001B5E38 /* NotepadAccessoryView.swift */ = {isa = PBXFileReference; lastKnownFileType = sourcecode.swift; path = NotepadAccessoryView.swift; sourceTree = "<group>"; };
/* End PBXFileReference section */

/* Begin PBXFileSystemSynchronizedRootGroup section */
		8F80D0FD2F5E0987001B5E38 /* A5World */ = {
			isa = PBXFileSystemSynchronizedRootGroup;
			path = A5World;
			sourceTree = "<group>";
		};
		8F80D10B2F5E0989001B5E38 /* A5WorldTests */ = {
			isa = PBXFileSystemSynchronizedRootGroup;
			path = A5WorldTests;
			sourceTree = "<group>";
		};
		8F80D1152F5E0989001B5E38 /* A5WorldUITests */ = {
			isa = PBXFileSystemSynchronizedRootGroup;
			path = A5WorldUITests;
			sourceTree = "<group>";
		};
/* End PBXFileSystemSynchronizedRootGroup section */

/* Begin PBXFrameworksBuildPhase section */
		8F80D0F82F5E0987001B5E38 /* Frameworks */ = {
			isa = PBXFrameworksBuildPhase;
			buildActionMask = 2147483647;
			files = (
			);
			runOnlyForDeploymentPostprocessing = 0;
		};
		8F80D1052F5E0989001B5E38 /* Frameworks */ = {
			isa = PBXFrameworksBuildPhase;
			buildActionMask = 2147483647;
			files = (
			);
			runOnlyForDeploymentPostprocessing = 0;
		};
		8F80D10F2F5E0989001B5E38 /* Frameworks */ = {
			isa = PBXFrameworksBuildPhase;
			buildActionMask = 2147483647;
			files = (
			);
			runOnlyForDeploymentPostprocessing = 0;
		};
/* End PBXFrameworksBuildPhase section */

/* Begin PBXGroup section */
		8F80D0F22F5E0987001B5E38 = {
			isa = PBXGroup;
			children = (
				8F80D1382F5E1261001B5E38 /* Calculator */,
				8F80D1392F5E1289001B5E38 /* ControlPanel */,
				8F80D13A2F5E129B001B5E38 /* Notepad */,
				8F80D12F2F5E10A9001B5E38 /* EventLog */,
				8F80D0FD2F5E0987001B5E38 /* A5World */,
				8F80D10B2F5E0989001B5E38 /* A5WorldTests */,
				8F80D1152F5E0989001B5E38 /* A5WorldUITests */,
				8F80D0FC2F5E0987001B5E38 /* Products */,
			);
			sourceTree = "<group>";
		};
		8F80D0FC2F5E0987001B5E38 /* Products */ = {
			isa = PBXGroup;
			children = (
				8F80D0FB2F5E0987001B5E38 /* A5World.app */,
				8F80D1082F5E0989001B5E38 /* A5WorldTests.xctest */,
				8F80D1122F5E0989001B5E38 /* A5WorldUITests.xctest */,
			);
			name = Products;
			sourceTree = "<group>";
		};
		8F80D12F2F5E10A9001B5E38 /* EventLog */ = {
			isa = PBXGroup;
			children = (
				8F80D1302F5E10D0001B5E38 /* EventLogView.swift */,
				8F80D1322F5E1128001B5E38 /* EventLog.swift */,
			);
			path = EventLog;
			sourceTree = "<group>";
		};
		8F80D1382F5E1261001B5E38 /* Calculator */ = {
			isa = PBXGroup;
			children = (
				8F80D14D2F5E145E001B5E38 /* CalculatorAccessoryView.swift */,
				8F80D13B2F5E12CA001B5E38 /* CalculatorEvent.swift */,
				8F80D1412F5E1327001B5E38 /* CalculatorAccessoryState.swift */,
				8F80D1472F5E13A9001B5E38 /* RunCalculator.swift */,
			);
			path = Calculator;
			sourceTree = "<group>";
		};
		8F80D1392F5E1289001B5E38 /* ControlPanel */ = {
			isa = PBXGroup;
			children = (
				8F80D14F2F5E1490001B5E38 /* ControlPanelAccessoryView.swift */,
				8F80D13D2F5E12E1001B5E38 /* ControlPanelEvent.swift */,
				8F80D1432F5E1348001B5E38 /* ControlPanelAccessoryState.swift */,
				8F80D1492F5E13F8001B5E38 /* RunControlPanel.swift */,
			);
			path = ControlPanel;
			sourceTree = "<group>";
		};
		8F80D13A2F5E129B001B5E38 /* Notepad */ = {
			isa = PBXGroup;
			children = (
				8F80D1512F5E14C4001B5E38 /* NotepadAccessoryView.swift */,
				8F80D13F2F5E12FF001B5E38 /* NotepadEvent.swift */,
				8F80D1452F5E137D001B5E38 /* NotepadAccessoryState.swift */,
				8F80D14B2F5E1434001B5E38 /* RunNotepad.swift */,
			);
			path = Notepad;
			sourceTree = "<group>";
		};
/* End PBXGroup section */

/* Begin PBXNativeTarget section */
		8F80D0FA2F5E0987001B5E38 /* A5World */ = {
			isa = PBXNativeTarget;
			buildConfigurationList = 8F80D11C2F5E0989001B5E38 /* Build configuration list for PBXNativeTarget "A5World" */;
			buildPhases = (
				8F80D0F72F5E0987001B5E38 /* Sources */,
				8F80D0F82F5E0987001B5E38 /* Frameworks */,
				8F80D0F92F5E0987001B5E38 /* Resources */,
			);
			buildRules = (
			);
			dependencies = (
			);
			fileSystemSynchronizedGroups = (
				8F80D0FD2F5E0987001B5E38 /* A5World */,
			);
			name = A5World;
			packageProductDependencies = (
			);
			productName = A5World;
			productReference = 8F80D0FB2F5E0987001B5E38 /* A5World.app */;
			productType = "com.apple.product-type.application";
		};
		8F80D1072F5E0989001B5E38 /* A5WorldTests */ = {
			isa = PBXNativeTarget;
			buildConfigurationList = 8F80D11F2F5E0989001B5E38 /* Build configuration list for PBXNativeTarget "A5WorldTests" */;
			buildPhases = (
				8F80D1042F5E0989001B5E38 /* Sources */,
				8F80D1052F5E0989001B5E38 /* Frameworks */,
				8F80D1062F5E0989001B5E38 /* Resources */,
			);
			buildRules = (
			);
			dependencies = (
				8F80D10A2F5E0989001B5E38 /* PBXTargetDependency */,
			);
			fileSystemSynchronizedGroups = (
				8F80D10B2F5E0989001B5E38 /* A5WorldTests */,
			);
			name = A5WorldTests;
			packageProductDependencies = (
			);
			productName = A5WorldTests;
			productReference = 8F80D1082F5E0989001B5E38 /* A5WorldTests.xctest */;
			productType = "com.apple.product-type.bundle.unit-test";
		};
		8F80D1112F5E0989001B5E38 /* A5WorldUITests */ = {
			isa = PBXNativeTarget;
			buildConfigurationList = 8F80D1222F5E0989001B5E38 /* Build configuration list for PBXNativeTarget "A5WorldUITests" */;
			buildPhases = (
				8F80D10E2F5E0989001B5E38 /* Sources */,
				8F80D10F2F5E0989001B5E38 /* Frameworks */,
				8F80D1102F5E0989001B5E38 /* Resources */,
			);
			buildRules = (
			);
			dependencies = (
				8F80D1142F5E0989001B5E38 /* PBXTargetDependency */,
			);
			fileSystemSynchronizedGroups = (
				8F80D1152F5E0989001B5E38 /* A5WorldUITests */,
			);
			name = A5WorldUITests;
			packageProductDependencies = (
			);
			productName = A5WorldUITests;
			productReference = 8F80D1122F5E0989001B5E38 /* A5WorldUITests.xctest */;
			productType = "com.apple.product-type.bundle.ui-testing";
		};
/* End PBXNativeTarget section */

/* Begin PBXProject section */
		8F80D0F32F5E0987001B5E38 /* Project object */ = {
			isa = PBXProject;
			attributes = {
				BuildIndependentTargetsInParallel = 1;
				LastSwiftUpdateCheck = 2630;
				LastUpgradeCheck = 2630;
				TargetAttributes = {
					8F80D0FA2F5E0987001B5E38 = {
						CreatedOnToolsVersion = 26.3;
					};
					8F80D1072F5E0989001B5E38 = {
						CreatedOnToolsVersion = 26.3;
						TestTargetID = 8F80D0FA2F5E0987001B5E38;
					};
					8F80D1112F5E0989001B5E38 = {
						CreatedOnToolsVersion = 26.3;
						TestTargetID = 8F80D0FA2F5E0987001B5E38;
					};
				};
			};
			buildConfigurationList = 8F80D0F62F5E0987001B5E38 /* Build configuration list for PBXProject "A5World" */;
			developmentRegion = en;
			hasScannedForEncodings = 0;
			knownRegions = (
				en,
				Base,
			);
			mainGroup = 8F80D0F22F5E0987001B5E38;
			minimizedProjectReferenceProxies = 1;
			preferredProjectObjectVersion = 77;
			productRefGroup = 8F80D0FC2F5E0987001B5E38 /* Products */;
			projectDirPath = "";
			projectRoot = "";
			targets = (
				8F80D0FA2F5E0987001B5E38 /* A5World */,
				8F80D1072F5E0989001B5E38 /* A5WorldTests */,
				8F80D1112F5E0989001B5E38 /* A5WorldUITests */,
			);
		};
/* End PBXProject section */

/* Begin PBXResourcesBuildPhase section */
		8F80D0F92F5E0987001B5E38 /* Resources */ = {
			isa = PBXResourcesBuildPhase;
			buildActionMask = 2147483647;
			files = (
			);
			runOnlyForDeploymentPostprocessing = 0;
		};
		8F80D1062F5E0989001B5E38 /* Resources */ = {
			isa = PBXResourcesBuildPhase;
			buildActionMask = 2147483647;
			files = (
			);
			runOnlyForDeploymentPostprocessing = 0;
		};
		8F80D1102F5E0989001B5E38 /* Resources */ = {
			isa = PBXResourcesBuildPhase;
			buildActionMask = 2147483647;
			files = (
			);
			runOnlyForDeploymentPostprocessing = 0;
		};
/* End PBXResourcesBuildPhase section */

/* Begin PBXSourcesBuildPhase section */
		8F80D0F72F5E0987001B5E38 /* Sources */ = {
			isa = PBXSourcesBuildPhase;
			buildActionMask = 2147483647;
			files = (
				8F80D14E2F5E145E001B5E38 /* CalculatorAccessoryView.swift in Sources */,
				8F80D1442F5E1348001B5E38 /* ControlPanelAccessoryState.swift in Sources */,
				8F80D1402F5E12FF001B5E38 /* NotepadEvent.swift in Sources */,
				8F80D14C2F5E1434001B5E38 /* RunNotepad.swift in Sources */,
				8F80D1462F5E137D001B5E38 /* NotepadAccessoryState.swift in Sources */,
				8F80D1482F5E13A9001B5E38 /* RunCalculator.swift in Sources */,
				8F80D1312F5E10D0001B5E38 /* EventLogView.swift in Sources */,
				8F80D1502F5E1490001B5E38 /* ControlPanelAccessoryView.swift in Sources */,
				8F80D13E2F5E12E1001B5E38 /* ControlPanelEvent.swift in Sources */,
				8F80D13C2F5E12CA001B5E38 /* CalculatorEvent.swift in Sources */,
				8F80D1332F5E1128001B5E38 /* EventLog.swift in Sources */,
				8F80D1522F5E14C4001B5E38 /* NotepadAccessoryView.swift in Sources */,
				8F80D14A2F5E13F8001B5E38 /* RunControlPanel.swift in Sources */,
				8F80D1422F5E1327001B5E38 /* CalculatorAccessoryState.swift in Sources */,
			);
			runOnlyForDeploymentPostprocessing = 0;
		};
		8F80D1042F5E0989001B5E38 /* Sources */ = {
			isa = PBXSourcesBuildPhase;
			buildActionMask = 2147483647;
			files = (
			);
			runOnlyForDeploymentPostprocessing = 0;
		};
		8F80D10E2F5E0989001B5E38 /* Sources */ = {
			isa = PBXSourcesBuildPhase;
			buildActionMask = 2147483647;
			files = (
			);
			runOnlyForDeploymentPostprocessing = 0;
		};
/* End PBXSourcesBuildPhase section */

/* Begin PBXTargetDependency section */
		8F80D10A2F5E0989001B5E38 /* PBXTargetDependency */ = {
			isa = PBXTargetDependency;
			target = 8F80D0FA2F5E0987001B5E38 /* A5World */;
			targetProxy = 8F80D1092F5E0989001B5E38 /* PBXContainerItemProxy */;
		};
		8F80D1142F5E0989001B5E38 /* PBXTargetDependency */ = {
			isa = PBXTargetDependency;
			target = 8F80D0FA2F5E0987001B5E38 /* A5World */;
			targetProxy = 8F80D1132F5E0989001B5E38 /* PBXContainerItemProxy */;
		};
/* End PBXTargetDependency section */

/* Begin XCBuildConfiguration section */
		8F80D11A2F5E0989001B5E38 /* Debug */ = {
			isa = XCBuildConfiguration;
			buildSettings = {
				ALWAYS_SEARCH_USER_PATHS = NO;
				ASSETCATALOG_COMPILER_GENERATE_SWIFT_ASSET_SYMBOL_EXTENSIONS = YES;
				CLANG_ANALYZER_NONNULL = YES;
				CLANG_ANALYZER_NUMBER_OBJECT_CONVERSION = YES_AGGRESSIVE;
				CLANG_CXX_LANGUAGE_STANDARD = "gnu++20";
				CLANG_ENABLE_MODULES = YES;
				CLANG_ENABLE_OBJC_ARC = YES;
				CLANG_ENABLE_OBJC_WEAK = YES;
				CLANG_WARN_BLOCK_CAPTURE_AUTORELEASING = YES;
				CLANG_WARN_BOOL_CONVERSION = YES;
				CLANG_WARN_COMMA = YES;
				CLANG_WARN_CONSTANT_CONVERSION = YES;
				CLANG_WARN_DEPRECATED_OBJC_IMPLEMENTATIONS = YES;
				CLANG_WARN_DIRECT_OBJC_ISA_USAGE = YES_ERROR;
				CLANG_WARN_DOCUMENTATION_COMMENTS = YES;
				CLANG_WARN_EMPTY_BODY = YES;
				CLANG_WARN_ENUM_CONVERSION = YES;
				CLANG_WARN_INFINITE_RECURSION = YES;
				CLANG_WARN_INT_CONVERSION = YES;
				CLANG_WARN_NON_LITERAL_NULL_CONVERSION = YES;
				CLANG_WARN_OBJC_IMPLICIT_RETAIN_SELF = YES;
				CLANG_WARN_OBJC_LITERAL_CONVERSION = YES;
				CLANG_WARN_OBJC_ROOT_CLASS = YES_ERROR;
				CLANG_WARN_QUOTED_INCLUDE_IN_FRAMEWORK_HEADER = YES;
				CLANG_WARN_RANGE_LOOP_ANALYSIS = YES;
				CLANG_WARN_STRICT_PROTOTYPES = YES;
				CLANG_WARN_SUSPICIOUS_MOVE = YES;
				CLANG_WARN_UNGUARDED_AVAILABILITY = YES_AGGRESSIVE;
				CLANG_WARN_UNREACHABLE_CODE = YES;
				CLANG_WARN__DUPLICATE_METHOD_MATCH = YES;
				COPY_PHASE_STRIP = NO;
				DEBUG_INFORMATION_FORMAT = dwarf;
				DEVELOPMENT_TEAM = Z98NUU2B3L;
				ENABLE_STRICT_OBJC_MSGSEND = YES;
				ENABLE_TESTABILITY = YES;
				ENABLE_USER_SCRIPT_SANDBOXING = YES;
				GCC_C_LANGUAGE_STANDARD = gnu17;
				GCC_DYNAMIC_NO_PIC = NO;
				GCC_NO_COMMON_BLOCKS = YES;
				GCC_OPTIMIZATION_LEVEL = 0;
				GCC_PREPROCESSOR_DEFINITIONS = (
					"DEBUG=1",
					"$(inherited)",
				);
				GCC_WARN_64_TO_32_BIT_CONVERSION = YES;
				GCC_WARN_ABOUT_RETURN_TYPE = YES_ERROR;
				GCC_WARN_UNDECLARED_SELECTOR = YES;
				GCC_WARN_UNINITIALIZED_AUTOS = YES_AGGRESSIVE;
				GCC_WARN_UNUSED_FUNCTION = YES;
				GCC_WARN_UNUSED_VARIABLE = YES;
				LOCALIZATION_PREFERS_STRING_CATALOGS = YES;
				MTL_ENABLE_DEBUG_INFO = INCLUDE_SOURCE;
				MTL_FAST_MATH = YES;
				ONLY_ACTIVE_ARCH = YES;
				SWIFT_ACTIVE_COMPILATION_CONDITIONS = "DEBUG $(inherited)";
				SWIFT_OPTIMIZATION_LEVEL = "-Onone";
			};
			name = Debug;
		};
		8F80D11B2F5E0989001B5E38 /* Release */ = {
			isa = XCBuildConfiguration;
			buildSettings = {
				ALWAYS_SEARCH_USER_PATHS = NO;
				ASSETCATALOG_COMPILER_GENERATE_SWIFT_ASSET_SYMBOL_EXTENSIONS = YES;
				CLANG_ANALYZER_NONNULL = YES;
				CLANG_ANALYZER_NUMBER_OBJECT_CONVERSION = YES_AGGRESSIVE;
				CLANG_CXX_LANGUAGE_STANDARD = "gnu++20";
				CLANG_ENABLE_MODULES = YES;
				CLANG_ENABLE_OBJC_ARC = YES;
				CLANG_ENABLE_OBJC_WEAK = YES;
				CLANG_WARN_BLOCK_CAPTURE_AUTORELEASING = YES;
				CLANG_WARN_BOOL_CONVERSION = YES;
				CLANG_WARN_COMMA = YES;
				CLANG_WARN_CONSTANT_CONVERSION = YES;
				CLANG_WARN_DEPRECATED_OBJC_IMPLEMENTATIONS = YES;
				CLANG_WARN_DIRECT_OBJC_ISA_USAGE = YES_ERROR;
				CLANG_WARN_DOCUMENTATION_COMMENTS = YES;
				CLANG_WARN_EMPTY_BODY = YES;
				CLANG_WARN_ENUM_CONVERSION = YES;
				CLANG_WARN_INFINITE_RECURSION = YES;
				CLANG_WARN_INT_CONVERSION = YES;
				CLANG_WARN_NON_LITERAL_NULL_CONVERSION = YES;
				CLANG_WARN_OBJC_IMPLICIT_RETAIN_SELF = YES;
				CLANG_WARN_OBJC_LITERAL_CONVERSION = YES;
				CLANG_WARN_OBJC_ROOT_CLASS = YES_ERROR;
				CLANG_WARN_QUOTED_INCLUDE_IN_FRAMEWORK_HEADER = YES;
				CLANG_WARN_RANGE_LOOP_ANALYSIS = YES;
				CLANG_WARN_STRICT_PROTOTYPES = YES;
				CLANG_WARN_SUSPICIOUS_MOVE = YES;
				CLANG_WARN_UNGUARDED_AVAILABILITY = YES_AGGRESSIVE;
				CLANG_WARN_UNREACHABLE_CODE = YES;
				CLANG_WARN__DUPLICATE_METHOD_MATCH = YES;
				COPY_PHASE_STRIP = NO;
				DEBUG_INFORMATION_FORMAT = "dwarf-with-dsym";
				DEVELOPMENT_TEAM = Z98NUU2B3L;
				ENABLE_NS_ASSERTIONS = NO;
				ENABLE_STRICT_OBJC_MSGSEND = YES;
				ENABLE_USER_SCRIPT_SANDBOXING = YES;
				GCC_C_LANGUAGE_STANDARD = gnu17;
				GCC_NO_COMMON_BLOCKS = YES;
				GCC_WARN_64_TO_32_BIT_CONVERSION = YES;
				GCC_WARN_ABOUT_RETURN_TYPE = YES_ERROR;
				GCC_WARN_UNDECLARED_SELECTOR = YES;
				GCC_WARN_UNINITIALIZED_AUTOS = YES_AGGRESSIVE;
				GCC_WARN_UNUSED_FUNCTION = YES;
				GCC_WARN_UNUSED_VARIABLE = YES;
				LOCALIZATION_PREFERS_STRING_CATALOGS = YES;
				MTL_ENABLE_DEBUG_INFO = NO;
				MTL_FAST_MATH = YES;
				SWIFT_COMPILATION_MODE = wholemodule;
			};
			name = Release;
		};
		8F80D11D2F5E0989001B5E38 /* Debug */ = {
			isa = XCBuildConfiguration;
			buildSettings = {
				ASSETCATALOG_COMPILER_APPICON_NAME = AppIcon;
				ASSETCATALOG_COMPILER_GLOBAL_ACCENT_COLOR_NAME = AccentColor;
				CODE_SIGN_STYLE = Automatic;
				CURRENT_PROJECT_VERSION = 1;
				DEVELOPMENT_TEAM = Z98NUU2B3L;
				ENABLE_APP_SANDBOX = YES;
				ENABLE_HARDENED_RUNTIME = YES;
				ENABLE_PREVIEWS = YES;
				ENABLE_USER_SELECTED_FILES = readonly;
				GENERATE_INFOPLIST_FILE = YES;
				"INFOPLIST_KEY_UIApplicationSceneManifest_Generation[sdk=iphoneos*]" = YES;
				"INFOPLIST_KEY_UIApplicationSceneManifest_Generation[sdk=iphonesimulator*]" = YES;
				"INFOPLIST_KEY_UIApplicationSupportsIndirectInputEvents[sdk=iphoneos*]" = YES;
				"INFOPLIST_KEY_UIApplicationSupportsIndirectInputEvents[sdk=iphonesimulator*]" = YES;
				"INFOPLIST_KEY_UILaunchScreen_Generation[sdk=iphoneos*]" = YES;
				"INFOPLIST_KEY_UILaunchScreen_Generation[sdk=iphonesimulator*]" = YES;
				"INFOPLIST_KEY_UIStatusBarStyle[sdk=iphoneos*]" = UIStatusBarStyleDefault;
				"INFOPLIST_KEY_UIStatusBarStyle[sdk=iphonesimulator*]" = UIStatusBarStyleDefault;
				INFOPLIST_KEY_UISupportedInterfaceOrientations_iPad = "UIInterfaceOrientationPortrait UIInterfaceOrientationPortraitUpsideDown UIInterfaceOrientationLandscapeLeft UIInterfaceOrientationLandscapeRight";
				INFOPLIST_KEY_UISupportedInterfaceOrientations_iPhone = "UIInterfaceOrientationPortrait UIInterfaceOrientationLandscapeLeft UIInterfaceOrientationLandscapeRight";
				IPHONEOS_DEPLOYMENT_TARGET = 26.2;
				LD_RUNPATH_SEARCH_PATHS = "@executable_path/Frameworks";
				"LD_RUNPATH_SEARCH_PATHS[sdk=macosx*]" = "@executable_path/../Frameworks";
				MACOSX_DEPLOYMENT_TARGET = 26.2;
				MARKETING_VERSION = 1.0;
				PRODUCT_BUNDLE_IDENTIFIER = dev.murmurations.A5World;
				PRODUCT_NAME = "$(TARGET_NAME)";
				REGISTER_APP_GROUPS = YES;
				SDKROOT = auto;
				STRING_CATALOG_GENERATE_SYMBOLS = YES;
				SUPPORTED_PLATFORMS = "iphoneos iphonesimulator macosx xros xrsimulator";
				SWIFT_APPROACHABLE_CONCURRENCY = YES;
				SWIFT_DEFAULT_ACTOR_ISOLATION = MainActor;
				SWIFT_EMIT_LOC_STRINGS = YES;
				SWIFT_UPCOMING_FEATURE_MEMBER_IMPORT_VISIBILITY = YES;
				SWIFT_VERSION = 5.0;
				TARGETED_DEVICE_FAMILY = "1,2,7";
				XROS_DEPLOYMENT_TARGET = 26.2;
			};
			name = Debug;
		};
		8F80D11E2F5E0989001B5E38 /* Release */ = {
			isa = XCBuildConfiguration;
			buildSettings = {
				ASSETCATALOG_COMPILER_APPICON_NAME = AppIcon;
				ASSETCATALOG_COMPILER_GLOBAL_ACCENT_COLOR_NAME = AccentColor;
				CODE_SIGN_STYLE = Automatic;
				CURRENT_PROJECT_VERSION = 1;
				DEVELOPMENT_TEAM = Z98NUU2B3L;
				ENABLE_APP_SANDBOX = YES;
				ENABLE_HARDENED_RUNTIME = YES;
				ENABLE_PREVIEWS = YES;
				ENABLE_USER_SELECTED_FILES = readonly;
				GENERATE_INFOPLIST_FILE = YES;
				"INFOPLIST_KEY_UIApplicationSceneManifest_Generation[sdk=iphoneos*]" = YES;
				"INFOPLIST_KEY_UIApplicationSceneManifest_Generation[sdk=iphonesimulator*]" = YES;
				"INFOPLIST_KEY_UIApplicationSupportsIndirectInputEvents[sdk=iphoneos*]" = YES;
				"INFOPLIST_KEY_UIApplicationSupportsIndirectInputEvents[sdk=iphonesimulator*]" = YES;
				"INFOPLIST_KEY_UILaunchScreen_Generation[sdk=iphoneos*]" = YES;
				"INFOPLIST_KEY_UILaunchScreen_Generation[sdk=iphonesimulator*]" = YES;
				"INFOPLIST_KEY_UIStatusBarStyle[sdk=iphoneos*]" = UIStatusBarStyleDefault;
				"INFOPLIST_KEY_UIStatusBarStyle[sdk=iphonesimulator*]" = UIStatusBarStyleDefault;
				INFOPLIST_KEY_UISupportedInterfaceOrientations_iPad = "UIInterfaceOrientationPortrait UIInterfaceOrientationPortraitUpsideDown UIInterfaceOrientationLandscapeLeft UIInterfaceOrientationLandscapeRight";
				INFOPLIST_KEY_UISupportedInterfaceOrientations_iPhone = "UIInterfaceOrientationPortrait UIInterfaceOrientationLandscapeLeft UIInterfaceOrientationLandscapeRight";
				IPHONEOS_DEPLOYMENT_TARGET = 26.2;
				LD_RUNPATH_SEARCH_PATHS = "@executable_path/Frameworks";
				"LD_RUNPATH_SEARCH_PATHS[sdk=macosx*]" = "@executable_path/../Frameworks";
				MACOSX_DEPLOYMENT_TARGET = 26.2;
				MARKETING_VERSION = 1.0;
				PRODUCT_BUNDLE_IDENTIFIER = dev.murmurations.A5World;
				PRODUCT_NAME = "$(TARGET_NAME)";
				REGISTER_APP_GROUPS = YES;
				SDKROOT = auto;
				STRING_CATALOG_GENERATE_SYMBOLS = YES;
				SUPPORTED_PLATFORMS = "iphoneos iphonesimulator macosx xros xrsimulator";
				SWIFT_APPROACHABLE_CONCURRENCY = YES;
				SWIFT_DEFAULT_ACTOR_ISOLATION = MainActor;
				SWIFT_EMIT_LOC_STRINGS = YES;
				SWIFT_UPCOMING_FEATURE_MEMBER_IMPORT_VISIBILITY = YES;
				SWIFT_VERSION = 5.0;
				TARGETED_DEVICE_FAMILY = "1,2,7";
				XROS_DEPLOYMENT_TARGET = 26.2;
			};
			name = Release;
		};
		8F80D1202F5E0989001B5E38 /* Debug */ = {
			isa = XCBuildConfiguration;
			buildSettings = {
				BUNDLE_LOADER = "$(TEST_HOST)";
				CODE_SIGN_STYLE = Automatic;
				CURRENT_PROJECT_VERSION = 1;
				DEVELOPMENT_TEAM = Z98NUU2B3L;
				GENERATE_INFOPLIST_FILE = YES;
				IPHONEOS_DEPLOYMENT_TARGET = 26.2;
				MACOSX_DEPLOYMENT_TARGET = 26.2;
				MARKETING_VERSION = 1.0;
				PRODUCT_BUNDLE_IDENTIFIER = dev.murmurations.A5WorldTests;
				PRODUCT_NAME = "$(TARGET_NAME)";
				SDKROOT = auto;
				STRING_CATALOG_GENERATE_SYMBOLS = NO;
				SUPPORTED_PLATFORMS = "iphoneos iphonesimulator macosx xros xrsimulator";
				SWIFT_APPROACHABLE_CONCURRENCY = YES;
				SWIFT_EMIT_LOC_STRINGS = NO;
				SWIFT_UPCOMING_FEATURE_MEMBER_IMPORT_VISIBILITY = YES;
				SWIFT_VERSION = 5.0;
				TARGETED_DEVICE_FAMILY = "1,2,7";
				TEST_HOST = "$(BUILT_PRODUCTS_DIR)/A5World.app/$(BUNDLE_EXECUTABLE_FOLDER_PATH)/A5World";
				XROS_DEPLOYMENT_TARGET = 26.2;
			};
			name = Debug;
		};
		8F80D1212F5E0989001B5E38 /* Release */ = {
			isa = XCBuildConfiguration;
			buildSettings = {
				BUNDLE_LOADER = "$(TEST_HOST)";
				CODE_SIGN_STYLE = Automatic;
				CURRENT_PROJECT_VERSION = 1;
				DEVELOPMENT_TEAM = Z98NUU2B3L;
				GENERATE_INFOPLIST_FILE = YES;
				IPHONEOS_DEPLOYMENT_TARGET = 26.2;
				MACOSX_DEPLOYMENT_TARGET = 26.2;
				MARKETING_VERSION = 1.0;
				PRODUCT_BUNDLE_IDENTIFIER = dev.murmurations.A5WorldTests;
				PRODUCT_NAME = "$(TARGET_NAME)";
				SDKROOT = auto;
				STRING_CATALOG_GENERATE_SYMBOLS = NO;
				SUPPORTED_PLATFORMS = "iphoneos iphonesimulator macosx xros xrsimulator";
				SWIFT_APPROACHABLE_CONCURRENCY = YES;
				SWIFT_EMIT_LOC_STRINGS = NO;
				SWIFT_UPCOMING_FEATURE_MEMBER_IMPORT_VISIBILITY = YES;
				SWIFT_VERSION = 5.0;
				TARGETED_DEVICE_FAMILY = "1,2,7";
				TEST_HOST = "$(BUILT_PRODUCTS_DIR)/A5World.app/$(BUNDLE_EXECUTABLE_FOLDER_PATH)/A5World";
				XROS_DEPLOYMENT_TARGET = 26.2;
			};
			name = Release;
		};
		8F80D1232F5E0989001B5E38 /* Debug */ = {
			isa = XCBuildConfiguration;
			buildSettings = {
				CODE_SIGN_STYLE = Automatic;
				CURRENT_PROJECT_VERSION = 1;
				DEVELOPMENT_TEAM = Z98NUU2B3L;
				GENERATE_INFOPLIST_FILE = YES;
				IPHONEOS_DEPLOYMENT_TARGET = 26.2;
				MACOSX_DEPLOYMENT_TARGET = 26.2;
				MARKETING_VERSION = 1.0;
				PRODUCT_BUNDLE_IDENTIFIER = dev.murmurations.A5WorldUITests;
				PRODUCT_NAME = "$(TARGET_NAME)";
				SDKROOT = auto;
				STRING_CATALOG_GENERATE_SYMBOLS = NO;
				SUPPORTED_PLATFORMS = "iphoneos iphonesimulator macosx xros xrsimulator";
				SWIFT_APPROACHABLE_CONCURRENCY = YES;
				SWIFT_EMIT_LOC_STRINGS = NO;
				SWIFT_UPCOMING_FEATURE_MEMBER_IMPORT_VISIBILITY = YES;
				SWIFT_VERSION = 5.0;
				TARGETED_DEVICE_FAMILY = "1,2,7";
				TEST_TARGET_NAME = A5World;
				XROS_DEPLOYMENT_TARGET = 26.2;
			};
			name = Debug;
		};
		8F80D1242F5E0989001B5E38 /* Release */ = {
			isa = XCBuildConfiguration;
			buildSettings = {
				CODE_SIGN_STYLE = Automatic;
				CURRENT_PROJECT_VERSION = 1;
				DEVELOPMENT_TEAM = Z98NUU2B3L;
				GENERATE_INFOPLIST_FILE = YES;
				IPHONEOS_DEPLOYMENT_TARGET = 26.2;
				MACOSX_DEPLOYMENT_TARGET = 26.2;
				MARKETING_VERSION = 1.0;
				PRODUCT_BUNDLE_IDENTIFIER = dev.murmurations.A5WorldUITests;
				PRODUCT_NAME = "$(TARGET_NAME)";
				SDKROOT = auto;
				STRING_CATALOG_GENERATE_SYMBOLS = NO;
				SUPPORTED_PLATFORMS = "iphoneos iphonesimulator macosx xros xrsimulator";
				SWIFT_APPROACHABLE_CONCURRENCY = YES;
				SWIFT_EMIT_LOC_STRINGS = NO;
				SWIFT_UPCOMING_FEATURE_MEMBER_IMPORT_VISIBILITY = YES;
				SWIFT_VERSION = 5.0;
				TARGETED_DEVICE_FAMILY = "1,2,7";
				TEST_TARGET_NAME = A5World;
				XROS_DEPLOYMENT_TARGET = 26.2;
			};
			name = Release;
		};
/* End XCBuildConfiguration section */

/* Begin XCConfigurationList section */
		8F80D0F62F5E0987001B5E38 /* Build configuration list for PBXProject "A5World" */ = {
			isa = XCConfigurationList;
			buildConfigurations = (
				8F80D11A2F5E0989001B5E38 /* Debug */,
				8F80D11B2F5E0989001B5E38 /* Release */,
			);
			defaultConfigurationIsVisible = 0;
			defaultConfigurationName = Release;
		};
		8F80D11C2F5E0989001B5E38 /* Build configuration list for PBXNativeTarget "A5World" */ = {
			isa = XCConfigurationList;
			buildConfigurations = (
				8F80D11D2F5E0989001B5E38 /* Debug */,
				8F80D11E2F5E0989001B5E38 /* Release */,
			);
			defaultConfigurationIsVisible = 0;
			defaultConfigurationName = Release;
		};
		8F80D11F2F5E0989001B5E38 /* Build configuration list for PBXNativeTarget "A5WorldTests" */ = {
			isa = XCConfigurationList;
			buildConfigurations = (
				8F80D1202F5E0989001B5E38 /* Debug */,
				8F80D1212F5E0989001B5E38 /* Release */,
			);
			defaultConfigurationIsVisible = 0;
			defaultConfigurationName = Release;
		};
		8F80D1222F5E0989001B5E38 /* Build configuration list for PBXNativeTarget "A5WorldUITests" */ = {
			isa = XCConfigurationList;
			buildConfigurations = (
				8F80D1232F5E0989001B5E38 /* Debug */,
				8F80D1242F5E0989001B5E38 /* Release */,
			);
			defaultConfigurationIsVisible = 0;
			defaultConfigurationName = Release;
		};
/* End XCConfigurationList section */
	};
	rootObject = 8F80D0F32F5E0987001B5E38 /* Project object */;
}
